// !$*UTF8*$!
{
	archiveVersion = 1;
	classes = {
	};
	objectVersion = 48;
	objects = {

/* Begin PBXBuildFile section */
		AD4F0AF91FF856FA0036D25B /* Answer.swift in Sources */ = {isa = PBXBuildFile; fileRef = AD4F0AF81FF856FA0036D25B /* Answer.swift */; };
		AD4F0AFD1FF857820036D25B /* Question.swift in Sources */ = {isa = PBXBuildFile; fileRef = AD4F0AFC1FF857820036D25B /* Question.swift */; };
		AD4F0AFF1FF857D80036D25B /* Quiz.swift in Sources */ = {isa = PBXBuildFile; fileRef = AD4F0AFE1FF857D80036D25B /* Quiz.swift */; };
		AD514525200174DF00124850 /* Acme-Regular.ttf in Resources */ = {isa = PBXBuildFile; fileRef = AD514520200174DE00124850 /* Acme-Regular.ttf */; };
		AD514526200174DF00124850 /* JotiOne-Regular.ttf in Resources */ = {isa = PBXBuildFile; fileRef = AD514522200174DE00124850 /* JotiOne-Regular.ttf */; };
		AD9FAEA21FF85450005DAF86 /* AppDelegate.swift in Sources */ = {isa = PBXBuildFile; fileRef = AD9FAEA11FF85450005DAF86 /* AppDelegate.swift */; };
		AD9FAEA71FF85450005DAF86 /* Main.storyboard in Resources */ = {isa = PBXBuildFile; fileRef = AD9FAEA51FF85450005DAF86 /* Main.storyboard */; };
		AD9FAEA91FF85450005DAF86 /* Assets.xcassets in Resources */ = {isa = PBXBuildFile; fileRef = AD9FAEA81FF85450005DAF86 /* Assets.xcassets */; };
		AD9FAEAC1FF85450005DAF86 /* LaunchScreen.storyboard in Resources */ = {isa = PBXBuildFile; fileRef = AD9FAEAA1FF85450005DAF86 /* LaunchScreen.storyboard */; };
		ADD5B0AA200AA52400D58B4F /* QuizViewController.swift in Sources */ = {isa = PBXBuildFile; fileRef = ADD5B0A9200AA52400D58B4F /* QuizViewController.swift */; };
		ADD5B0AC200AB14D00D58B4F /* ScoreViewController.swift in Sources */ = {isa = PBXBuildFile; fileRef = ADD5B0AB200AB14D00D58B4F /* ScoreViewController.swift */; };
/* End PBXBuildFile section */

/* Begin PBXFileReference section */
		AD4F0AF81FF856FA0036D25B /* Answer.swift */ = {isa = PBXFileReference; lastKnownFileType = sourcecode.swift; path = Answer.swift; sourceTree = "<group>"; };
		AD4F0AFC1FF857820036D25B /* Question.swift */ = {isa = PBXFileReference; lastKnownFileType = sourcecode.swift; path = Question.swift; sourceTree = "<group>"; };
		AD4F0AFE1FF857D80036D25B /* Quiz.swift */ = {isa = PBXFileReference; lastKnownFileType = sourcecode.swift; path = Quiz.swift; sourceTree = "<group>"; };
		AD514520200174DE00124850 /* Acme-Regular.ttf */ = {isa = PBXFileReference; lastKnownFileType = file; path = "Acme-Regular.ttf"; sourceTree = "<group>"; };
		AD514522200174DE00124850 /* JotiOne-Regular.ttf */ = {isa = PBXFileReference; lastKnownFileType = file; path = "JotiOne-Regular.ttf"; sourceTree = "<group>"; };
		AD9FAE9E1FF85450005DAF86 /* Quiz.app */ = {isa = PBXFileReference; explicitFileType = wrapper.application; includeInIndex = 0; path = Quiz.app; sourceTree = BUILT_PRODUCTS_DIR; };
		AD9FAEA11FF85450005DAF86 /* AppDelegate.swift */ = {isa = PBXFileReference; lastKnownFileType = sourcecode.swift; path = AppDelegate.swift; sourceTree = "<group>"; };
		AD9FAEA61FF85450005DAF86 /* Base */ = {isa = PBXFileReference; lastKnownFileType = file.storyboard; name = Base; path = Base.lproj/Main.storyboard; sourceTree = "<group>"; };
		AD9FAEA81FF85450005DAF86 /* Assets.xcassets */ = {isa = PBXFileReference; lastKnownFileType = folder.assetcatalog; path = Assets.xcassets; sourceTree = "<group>"; };
		AD9FAEAB1FF85450005DAF86 /* Base */ = {isa = PBXFileReference; lastKnownFileType = file.storyboard; name = Base; path = Base.lproj/LaunchScreen.storyboard; sourceTree = "<group>"; };
		AD9FAEAD1FF85450005DAF86 /* Info.plist */ = {isa = PBXFileReference; lastKnownFileType = text.plist.xml; path = Info.plist; sourceTree = "<group>"; };
		ADD5B0A9200AA52400D58B4F /* QuizViewController.swift */ = {isa = PBXFileReference; lastKnownFileType = sourcecode.swift; path = QuizViewController.swift; sourceTree = "<group>"; };
		ADD5B0AB200AB14D00D58B4F /* ScoreViewController.swift */ = {isa = PBXFileReference; lastKnownFileType = sourcecode.swift; path = ScoreViewController.swift; sourceTree = "<group>"; };
/* End PBXFileReference section */

/* Begin PBXFrameworksBuildPhase section */
		AD9FAE9B1FF85450005DAF86 /* Frameworks */ = {
			isa = PBXFrameworksBuildPhase;
			buildActionMask = 2147483647;
			files = (
			);
			runOnlyForDeploymentPostprocessing = 0;
		};
/* End PBXFrameworksBuildPhase section */

/* Begin PBXGroup section */
		AD51451E200174DE00124850 /* Acme */ = {
			isa = PBXGroup;
			children = (
				AD514520200174DE00124850 /* Acme-Regular.ttf */,
			);
			path = Acme;
			sourceTree = "<group>";
		};
		AD514521200174DE00124850 /* Joti_One */ = {
			isa = PBXGroup;
			children = (
				AD514522200174DE00124850 /* JotiOne-Regular.ttf */,
			);
			path = Joti_One;
			sourceTree = "<group>";
		};
		AD9FAE951FF85450005DAF86 = {
			isa = PBXGroup;
			children = (
				AD9FAEA01FF85450005DAF86 /* Quiz */,
				AD9FAE9F1FF85450005DAF86 /* Products */,
			);
			sourceTree = "<group>";
		};
		AD9FAE9F1FF85450005DAF86 /* Products */ = {
			isa = PBXGroup;
			children = (
				AD9FAE9E1FF85450005DAF86 /* Quiz.app */,
			);
			name = Products;
			sourceTree = "<group>";
		};
		AD9FAEA01FF85450005DAF86 /* Quiz */ = {
			isa = PBXGroup;
			children = (
				AD51451E200174DE00124850 /* Acme */,
				AD514521200174DE00124850 /* Joti_One */,
				AD9FAEA11FF85450005DAF86 /* AppDelegate.swift */,
				AD4F0AFC1FF857820036D25B /* Question.swift */,
				AD4F0AF81FF856FA0036D25B /* Answer.swift */,
				ADD5B0AB200AB14D00D58B4F /* ScoreViewController.swift */,
				AD9FAEA51FF85450005DAF86 /* Main.storyboard */,
				AD4F0AFE1FF857D80036D25B /* Quiz.swift */,
				AD9FAEA81FF85450005DAF86 /* Assets.xcassets */,
				AD9FAEAA1FF85450005DAF86 /* LaunchScreen.storyboard */,
				AD9FAEAD1FF85450005DAF86 /* Info.plist */,
				ADD5B0A9200AA52400D58B4F /* QuizViewController.swift */,
			);
			path = Quiz;
			sourceTree = "<group>";
		};
/* End PBXGroup section */

/* Begin PBXNativeTarget section */
		AD9FAE9D1FF85450005DAF86 /* Quiz */ = {
			isa = PBXNativeTarget;
			buildConfigurationList = AD9FAEB01FF85450005DAF86 /* Build configuration list for PBXNativeTarget "Quiz" */;
			buildPhases = (
				AD9FAE9A1FF85450005DAF86 /* Sources */,
				AD9FAE9B1FF85450005DAF86 /* Frameworks */,
				AD9FAE9C1FF85450005DAF86 /* Resources */,
			);
			buildRules = (
			);
			dependencies = (
			);
			name = Quiz;
			productName = Quiz;
			productReference = AD9FAE9E1FF85450005DAF86 /* Quiz.app */;
			productType = "com.apple.product-type.application";
		};
/* End PBXNativeTarget section */

/* Begin PBXProject section */
		AD9FAE961FF85450005DAF86 /* Project object */ = {
			isa = PBXProject;
			attributes = {
				LastSwiftUpdateCheck = 0920;
				LastUpgradeCheck = 0920;
				ORGANIZATIONNAME = "Jacob Luvisi";
				TargetAttributes = {
					AD9FAE9D1FF85450005DAF86 = {
						CreatedOnToolsVersion = 9.2;
						ProvisioningStyle = Automatic;
					};
				};
			};
			buildConfigurationList = AD9FAE991FF85450005DAF86 /* Build configuration list for PBXProject "Quiz" */;
			compatibilityVersion = "Xcode 8.0";
			developmentRegion = en;
			hasScannedForEncodings = 0;
			knownRegions = (
				en,
				Base,
			);
			mainGroup = AD9FAE951FF85450005DAF86;
			productRefGroup = AD9FAE9F1FF85450005DAF86 /* Products */;
			projectDirPath = "";
			projectRoot = "";
			targets = (
				AD9FAE9D1FF85450005DAF86 /* Quiz */,
			);
		};
/* End PBXProject section */

/* Begin PBXResourcesBuildPhase section */
		AD9FAE9C1FF85450005DAF86 /* Resources */ = {
			isa = PBXResourcesBuildPhase;
			buildActionMask = 2147483647;
			files = (
				AD514526200174DF00124850 /* JotiOne-Regular.ttf in Resources */,
				AD9FAEAC1FF85450005DAF86 /* LaunchScreen.storyboard in Resources */,
				AD514525200174DF00124850 /* Acme-Regular.ttf in Resources */,
				AD9FAEA91FF85450005DAF86 /* Assets.xcassets in Resources */,
				AD9FAEA71FF85450005DAF86 /* Main.storyboard in Resources */,
			);
			runOnlyForDeploymentPostprocessing = 0;
		};
/* End PBXResourcesBuildPhase section */

/* Begin PBXSourcesBuildPhase section */
		AD9FAE9A1FF85450005DAF86 /* Sources */ = {
			isa = PBXSourcesBuildPhase;
			buildActionMask = 2147483647;
			files = (
				ADD5B0AC200AB14D00D58B4F /* ScoreViewController.swift in Sources */,
				AD4F0AF91FF856FA0036D25B /* Answer.swift in Sources */,
				AD4F0AFF1FF857D80036D25B /* Quiz.swift in Sources */,
				AD4F0AFD1FF857820036D25B /* Question.swift in Sources */,
				ADD5B0AA200AA52400D58B4F /* QuizViewController.swift in Sources */,
				AD9FAEA21FF85450005DAF86 /* AppDelegate.swift in Sources */,
			);
			runOnlyForDeploymentPostprocessing = 0;
		};
/* End PBXSourcesBuildPhase section */

/* Begin PBXVariantGroup section */
		AD9FAEA51FF85450005DAF86 /* Main.storyboard */ = {
			isa = PBXVariantGroup;
			children = (
				AD9FAEA61FF85450005DAF86 /* Base */,
			);
			name = Main.storyboard;
			sourceTree = "<group>";
		};
		AD9FAEAA1FF85450005DAF86 /* LaunchScreen.storyboard */ = {
			isa = PBXVariantGroup;
			children = (
				AD9FAEAB1FF85450005DAF86 /* Base */,
			);
			name = LaunchScreen.storyboard;
			sourceTree = "<group>";
		};
/* End PBXVariantGroup section */

/* Begin XCBuildConfiguration section */
		AD9FAEAE1FF85450005DAF86 /* Debug */ = {
			isa = XCBuildConfiguration;
			buildSettings = {
				ALWAYS_SEARCH_USER_PATHS = NO;
				CLANG_ANALYZER_NONNULL = YES;
				CLANG_ANALYZER_NUMBER_OBJECT_CONVERSION = YES_AGGRESSIVE;
				CLANG_CXX_LANGUAGE_STANDARD = "gnu++14";
				CLANG_CXX_LIBRARY = "libc++";
				CLANG_ENABLE_MODULES = YES;
				CLANG_ENABLE_OBJC_ARC = YES;
				CLANG_WARN_BLOCK_CAPTURE_AUTORELEASING = YES;
				CLANG_WARN_BOOL_CONVERSION = YES;
				CLANG_WARN_COMMA = YES;
				CLANG_WARN_CONSTANT_CONVERSION = YES;
				CLANG_WARN_DIRECT_OBJC_ISA_USAGE = YES_ERROR;
				CLANG_WARN_DOCUMENTATION_COMMENTS = YES;
				CLANG_WARN_EMPTY_BODY = YES;
				CLANG_WARN_ENUM_CONVERSION = YES;
				CLANG_WARN_INFINITE_RECURSION = YES;
				CLANG_WARN_INT_CONVERSION = YES;
				CLANG_WARN_NON_LITERAL_NULL_CONVERSION = YES;
				CLANG_WARN_OBJC_LITERAL_CONVERSION = YES;
				CLANG_WARN_OBJC_ROOT_CLASS = YES_ERROR;
				CLANG_WARN_RANGE_LOOP_ANALYSIS = YES;
				CLANG_WARN_STRICT_PROTOTYPES = YES;
				CLANG_WARN_SUSPICIOUS_MOVE = YES;
				CLANG_WARN_UNGUARDED_AVAILABILITY = YES_AGGRESSIVE;
				CLANG_WARN_UNREACHABLE_CODE = YES;
				CLANG_WARN__DUPLICATE_METHOD_MATCH = YES;
				CODE_SIGN_IDENTITY = "iPhone Developer";
				COPY_PHASE_STRIP = NO;
				DEBUG_INFORMATION_FORMAT = dwarf;
				ENABLE_STRICT_OBJC_MSGSEND = YES;
				ENABLE_TESTABILITY = YES;
				GCC_C_LANGUAGE_STANDARD = gnu11;
				GCC_DYNAMIC_NO_PIC = NO;
				GCC_NO_COMMON_BLOCKS = YES;
				GCC_OPTIMIZATION_LEVEL = 0;
				GCC_PREPROCESSOR_DEFINITIONS = (
					"DEBUG=1",
					"$(inherited)",
				);
				GCC_WARN_64_TO_32_BIT_CONVERSION = YES;
				GCC_WARN_ABOUT_RETURN_TYPE = YES_ERROR;
				GCC_WARN_UNDECLARED_SELECTOR = YES;
				GCC_WARN_UNINITIALIZED_AUTOS = YES_AGGRESSIVE;
				GCC_WARN_UNUSED_FUNCTION = YES;
				GCC_WARN_UNUSED_VARIABLE = YES;
				IPHONEOS_DEPLOYMENT_TARGET = 11.2;
				MTL_ENABLE_DEBUG_INFO = YES;
				ONLY_ACTIVE_ARCH = YES;
				SDKROOT = iphoneos;
				SWIFT_ACTIVE_COMPILATION_CONDITIONS = DEBUG;
				SWIFT_OPTIMIZATION_LEVEL = "-Onone";
			};
			name = Debug;
		};
		AD9FAEAF1FF85450005DAF86 /* Release */ = {
			isa = XCBuildConfiguration;
			buildSettings = {
				ALWAYS_SEARCH_USER_PATHS = NO;
				CLANG_ANALYZER_NONNULL = YES;
				CLANG_ANALYZER_NUMBER_OBJECT_CONVERSION = YES_AGGRESSIVE;
				CLANG_CXX_LANGUAGE_STANDARD = "gnu++14";
				CLANG_CXX_LIBRARY = "libc++";
				CLANG_ENABLE_MODULES = YES;
				CLANG_ENABLE_OBJC_ARC = YES;
				CLANG_WARN_BLOCK_CAPTURE_AUTORELEASING = YES;
				CLANG_WARN_BOOL_CONVERSION = YES;
				CLANG_WARN_COMMA = YES;
				CLANG_WARN_CONSTANT_CONVERSION = YES;
				CLANG_WARN_DIRECT_OBJC_ISA_USAGE = YES_ERROR;
				CLANG_WARN_DOCUMENTATION_COMMENTS = YES;
				CLANG_WARN_EMPTY_BODY = YES;
				CLANG_WARN_ENUM_CONVERSION = YES;
				CLANG_WARN_INFINITE_RECURSION = YES;
				CLANG_WARN_INT_CONVERSION = YES;
				CLANG_WARN_NON_LITERAL_NULL_CONVERSION = YES;
				CLANG_WARN_OBJC_LITERAL_CONVERSION = YES;
				CLANG_WARN_OBJC_ROOT_CLASS = YES_ERROR;
				CLANG_WARN_RANGE_LOOP_ANALYSIS = YES;
				CLANG_WARN_STRICT_PROTOTYPES = YES;
				CLANG_WARN_SUSPICIOUS_MOVE = YES;
				CLANG_WARN_UNGUARDED_AVAILABILITY = YES_AGGRESSIVE;
				CLANG_WARN_UNREACHABLE_CODE = YES;
				CLANG_WARN__DUPLICATE_METHOD_MATCH = YES;
				CODE_SIGN_IDENTITY = "iPhone Developer";
				COPY_PHASE_STRIP = NO;
				DEBUG_INFORMATION_FORMAT = "dwarf-with-dsym";
				ENABLE_NS_ASSERTIONS = NO;
				ENABLE_STRICT_OBJC_MSGSEND = YES;
				GCC_C_LANGUAGE_STANDARD = gnu11;
				GCC_NO_COMMON_BLOCKS = YES;
				GCC_WARN_64_TO_32_BIT_CONVERSION = YES;
				GCC_WARN_ABOUT_RETURN_TYPE = YES_ERROR;
				GCC_WARN_UNDECLARED_SELECTOR = YES;
				GCC_WARN_UNINITIALIZED_AUTOS = YES_AGGRESSIVE;
				GCC_WARN_UNUSED_FUNCTION = YES;
				GCC_WARN_UNUSED_VARIABLE = YES;
				IPHONEOS_DEPLOYMENT_TARGET = 11.2;
				MTL_ENABLE_DEBUG_INFO = NO;
				SDKROOT = iphoneos;
				SWIFT_OPTIMIZATION_LEVEL = "-Owholemodule";
				VALIDATE_PRODUCT = YES;
			};
			name = Release;
		};
		AD9FAEB11FF85450005DAF86 /* Debug */ = {
			isa = XCBuildConfiguration;
			buildSettings = {
				ASSETCATALOG_COMPILER_APPICON_NAME = AppIcon;
				CODE_SIGN_STYLE = Automatic;
				DEVELOPMENT_TEAM = 724T43BWZ5;
				INFOPLIST_FILE = Quiz/Info.plist;
				LD_RUNPATH_SEARCH_PATHS = "$(inherited) @executable_path/Frameworks";
				PRODUCT_BUNDLE_IDENTIFIER = edu.self.JacobQuiz;
				PRODUCT_NAME = "$(TARGET_NAME)";
				SWIFT_VERSION = 4.0;
				TARGETED_DEVICE_FAMILY = "1,2";
			};
			name = Debug;
		};
		AD9FAEB21FF85450005DAF86 /* Release */ = {
			isa = XCBuildConfiguration;
			buildSettings = {
				ASSETCATALOG_COMPILER_APPICON_NAME = AppIcon;
				CODE_SIGN_STYLE = Automatic;
				DEVELOPMENT_TEAM = 724T43BWZ5;
				INFOPLIST_FILE = Quiz/Info.plist;
				LD_RUNPATH_SEARCH_PATHS = "$(inherited) @executable_path/Frameworks";
				PRODUCT_BUNDLE_IDENTIFIER = edu.self.JacobQuiz;
				PRODUCT_NAME = "$(TARGET_NAME)";
				SWIFT_VERSION = 4.0;
				TARGETED_DEVICE_FAMILY = "1,2";
			};
			name = Release;
		};
/* End XCBuildConfiguration section */

/* Begin XCConfigurationList section */
		AD9FAE991FF85450005DAF86 /* Build configuration list for PBXProject "Quiz" */ = {
			isa = XCConfigurationList;
			buildConfigurations = (
				AD9FAEAE1FF85450005DAF86 /* Debug */,
				AD9FAEAF1FF85450005DAF86 /* Release */,
			);
			defaultConfigurationIsVisible = 0;
			defaultConfigurationName = Release;
		};
		AD9FAEB01FF85450005DAF86 /* Build configuration list for PBXNativeTarget "Quiz" */ = {
			isa = XCConfigurationList;
			buildConfigurations = (
				AD9FAEB11FF85450005DAF86 /* Debug */,
				AD9FAEB21FF85450005DAF86 /* Release */,
			);
			defaultConfigurationIsVisible = 0;
			defaultConfigurationName = Release;
		};
/* End XCConfigurationList section */
	};
	rootObject = AD9FAE961FF85450005DAF86 /* Project object */;
}
